# This file is automatically @generated by Cargo.
# It is not intended for manual editing.
version = 3

[[package]]
name = "demo-test-lib"
version = "0.1.0"
dependencies = [
 "hksrustlib",
]

[[package]]
name = "hksrustlib"
version = "0.1.0"
source = "registry+https://github.com/rust-lang/crates.io-index"
checksum = "3acea0898ac6b975c90c79cf9ae97eadc8ee42846592e982490b2ead8bd741d7"
